<?xml version="1.0" encoding="utf-8"?>
<Project ToolsVersion="4.0" xmlns="http://schemas.microsoft.com/developer/msbuild/2003">
  <ItemGroup>
    <Filter Include="Resource Files">
      <UniqueIdentifier>{67DA6AB6-F800-4c08-8B7A-83BB121AAD01}</UniqueIdentifier>
      <Extensions>rc;ico;cur;bmp;dlg;rc2;rct;bin;rgs;gif;jpg;jpeg;jpe;resx;tiff;tif;png;wav;mfcribbon-ms</Extensions>
    </Filter>
    <Filter Include="Main">
      <UniqueIdentifier>{4FC737F1-C7A5-4376-A066-2A32D752A2FF}</UniqueIdentifier>
      <Extensions>cpp;c;cc;cxx;def;odl;idl;hpj;bat;asm;asmx</Extensions>
    </Filter>
    <Filter Include="Core">
      <UniqueIdentifier>{93995380-89BD-4b04-88EB-625FBE52EBFB}</UniqueIdentifier>
      <Extensions>h;hh;hpp;hxx;hm;inl;inc;ipp;xsd</Extensions>
    </Filter>
    <Filter Include="Shaders">
      <UniqueIdentifier>{7a4e2766-9cfe-479c-a258-b41605c77c45}</UniqueIdentifier>
    </Filter>
    <Filter Include="Renderer">
      <UniqueIdentifier>{b75ca6d4-edb6-4340-9d9c-4ebb4f2b7eb2}</UniqueIdentifier>
    </Filter>
    <Filter Include="Scenes">
      <UniqueIdentifier>{bab51c08-5df5-4efb-8e5d-dee344daa229}</UniqueIdentifier>
    </Filter>
    <Filter Include="External">
      <UniqueIdentifier>{37426261-be5e-4e0b-8762-f217f15aeda2}</UniqueIdentifier>
    </Filter>
    <Filter Include="Math">
      <UniqueIdentifier>{194657ed-c01d-41dd-8735-af7efbbaaeec}</UniqueIdentifier>
    </Filter>
    <Filter Include="Objects">
      <UniqueIdentifier>{6245b09e-2c21-43ad-928c-0da2d3b447d4}</UniqueIdentifier>
    </Filter>
  </ItemGroup>
  <ItemGroup>
    <ClCompile Include="main.cpp">
      <Filter>Main</Filter>
    </ClCompile>
    <ClCompile Include="..\Source\Core\engine.cpp">
      <Filter>Core</Filter>
    </ClCompile>
    <ClCompile Include="..\Source\Core\timer.cpp">
      <Filter>Core</Filter>
    </ClCompile>
    <ClCompile Include="..\Source\Core\input.cpp">
      <Filter>Core</Filter>
    </ClCompile>
    <ClCompile Include="..\Source\Core\file_system.cpp">
      <Filter>Core</Filter>
    </ClCompile>
    <ClCompile Include="..\Source\Renderer\renderer.cpp">
      <Filter>Renderer</Filter>
    </ClCompile>
    <ClCompile Include="..\Source\Renderer\shader.cpp">
      <Filter>Renderer</Filter>
    </ClCompile>
    <ClCompile Include="..\Source\Renderer\vertex_array.cpp">
      <Filter>Renderer</Filter>
    </ClCompile>
    <ClCompile Include="scene01.cpp">
      <Filter>Scenes</Filter>
    </ClCompile>
    <ClCompile Include="..\..\Middleware\glad\src\glad.c">
      <Filter>External</Filter>
    </ClCompile>
    <ClCompile Include="..\Source\Scenes\scene02.cpp">
      <Filter>Scenes</Filter>
    </ClCompile>
    <ClCompile Include="..\Source\Objects\camera.cpp">
      <Filter>Objects</Filter>
    </ClCompile>
    <ClCompile Include="..\Source\Scenes\scene03.cpp">
      <Filter>Scenes</Filter>
    </ClCompile>
    <ClCompile Include="..\Source\Renderer\material.cpp">
      <Filter>Renderer</Filter>
    </ClCompile>
    <ClCompile Include="..\Source\Objects\light.cpp">
      <Filter>Objects</Filter>
    </ClCompile>
    <ClCompile Include="..\Source\Objects\directional_light.cpp">
      <Filter>Objects</Filter>
    </ClCompile>
    <ClCompile Include="..\Source\Objects\point_light.cpp">
      <Filter>Objects</Filter>
    </ClCompile>
    <ClCompile Include="..\Source\Scenes\scene04.cpp">
      <Filter>Scenes</Filter>
    </ClCompile>
    <ClCompile Include="..\Source\Objects\cube.cpp">
      <Filter>Objects</Filter>
    </ClCompile>
    <ClCompile Include="..\Source\Objects\model.cpp">
      <Filter>Objects</Filter>
    </ClCompile>
    <ClCompile Include="..\Source\Objects\sphere.cpp">
      <Filter>Objects</Filter>
    </ClCompile>
    <ClCompile Include="..\Source\Objects\torus.cpp">
      <Filter>Objects</Filter>
    </ClCompile>
    <ClCompile Include="..\Source\Renderer\vertex_arrays.cpp">
      <Filter>Renderer</Filter>
    </ClCompile>
    <ClCompile Include="..\Source\Objects\plane.cpp">
      <Filter>Objects</Filter>
    </ClCompile>
    <ClCompile Include="..\Source\Scenes\scene05.cpp">
      <Filter>Scenes</Filter>
    </ClCompile>
    <ClCompile Include="..\Source\Scenes\scene06.cpp">
      <Filter>Scenes</Filter>
    </ClCompile>
    <ClCompile Include="..\Source\Scenes\scene07.cpp">
      <Filter>Scenes</Filter>
    </ClCompile>
    <ClCompile Include="..\Source\Objects\spot_light.cpp">
      <Filter>Objects</Filter>
    </ClCompile>
  </ItemGroup>
  <ItemGroup>
    <ClInclude Include="..\..\Middleware\soil\src\SOIL.h">
      <Filter>Main</Filter>
    </ClInclude>
    <ClInclude Include="..\Source\Core\engine.h">
      <Filter>Core</Filter>
    </ClInclude>
    <ClInclude Include="..\Source\Core\system.h">
      <Filter>Core</Filter>
    </ClInclude>
    <ClInclude Include="..\Source\Core\timer.h">
      <Filter>Core</Filter>
    </ClInclude>
    <ClInclude Include="..\Source\Core\input.h">
      <Filter>Core</Filter>
    </ClInclude>
    <ClInclude Include="..\Source\Core\file_system.h">
      <Filter>Core</Filter>
    </ClInclude>
    <ClInclude Include="..\Source\Renderer\renderer.h">
      <Filter>Renderer</Filter>
    </ClInclude>
    <ClInclude Include="..\Source\Renderer\shader.h">
      <Filter>Renderer</Filter>
    </ClInclude>
    <ClInclude Include="..\Source\Renderer\vertex_array.h">
      <Filter>Renderer</Filter>
    </ClInclude>
    <ClInclude Include="..\Source\Core\scene.h">
      <Filter>Core</Filter>
    </ClInclude>
    <ClInclude Include="..\Source\Math\transform.h">
      <Filter>Math</Filter>
    </ClInclude>
    <ClInclude Include="..\Source\Scenes\scene01.h">
      <Filter>Scenes</Filter>
    </ClInclude>
    <ClInclude Include="..\Source\Scenes\scene02.h">
      <Filter>Scenes</Filter>
    </ClInclude>
    <ClInclude Include="..\Source\Core\object.h">
      <Filter>Core</Filter>
    </ClInclude>
    <ClInclude Include="..\Source\Objects\camera.h">
      <Filter>Objects</Filter>
    </ClInclude>
    <ClInclude Include="..\Source\Scenes\scene03.h">
      <Filter>Scenes</Filter>
    </ClInclude>
    <ClInclude Include="..\Source\Renderer\material.h">
      <Filter>Renderer</Filter>
    </ClInclude>
    <ClInclude Include="..\Source\Objects\light.h">
      <Filter>Objects</Filter>
    </ClInclude>
    <ClInclude Include="..\Source\Objects\directional_light.h">
      <Filter>Objects</Filter>
    </ClInclude>
    <ClInclude Include="..\Source\Objects\point_light.h">
      <Filter>Objects</Filter>
    </ClInclude>
    <ClInclude Include="..\Source\Scenes\scene04.h">
      <Filter>Scenes</Filter>
    </ClInclude>
    <ClInclude Include="..\Source\Objects\cube.h">
      <Filter>Objects</Filter>
    </ClInclude>
    <ClInclude Include="..\Source\Objects\model.h">
      <Filter>Objects</Filter>
    </ClInclude>
    <ClInclude Include="..\Source\Objects\sphere.h">
      <Filter>Objects</Filter>
    </ClInclude>
    <ClInclude Include="..\Source\Objects\torus.h">
      <Filter>Objects</Filter>
    </ClInclude>
    <ClInclude Include="..\Source\Renderer\vertex_arrays.h">
      <Filter>Renderer</Filter>
    </ClInclude>
    <ClInclude Include="..\Source\Objects\plane.h">
      <Filter>Objects</Filter>
    </ClInclude>
    <ClInclude Include="..\Source\Scenes\scene05.h">
      <Filter>Scenes</Filter>
    </ClInclude>
    <ClInclude Include="..\Source\Objects\renderable.h">
      <Filter>Objects</Filter>
    </ClInclude>
    <ClInclude Include="..\Source\Scenes\scene06.h">
      <Filter>Scenes</Filter>
    </ClInclude>
    <ClInclude Include="..\Source\Scenes\scene07.h">
      <Filter>Scenes</Filter>
    </ClInclude>
    <ClInclude Include="..\Source\Objects\spot_light.h">
      <Filter>Objects</Filter>
    </ClInclude>
  </ItemGroup>
  <ItemGroup>
    <None Include="..\Resources\Shaders\basic.fs">
      <Filter>Shaders</Filter>
    </None>
    <None Include="..\Resources\Shaders\basic.vs">
      <Filter>Shaders</Filter>
    </None>
    <None Include="..\Resources\Shaders\basic_uv.fs">
      <Filter>Shaders</Filter>
    </None>
    <None Include="..\Resources\Shaders\basic_uv.vs">
      <Filter>Shaders</Filter>
    </None>
    <None Include="..\Resources\Shaders\grourad.fs">
      <Filter>Shaders</Filter>
    </None>
    <None Include="..\Resources\Shaders\grourad.vs">
      <Filter>Shaders</Filter>
    </None>
    <None Include="..\Resources\Shaders\gouraud_ads.vs">
      <Filter>Shaders</Filter>
    </None>
    <None Include="..\Resources\Shaders\phong.fs">
      <Filter>Shaders</Filter>
    </None>
    <None Include="..\Resources\Shaders\phong.vs">
      <Filter>Shaders</Filter>
    </None>
    <None Include="..\Resources\Shaders\phong_multi.fs">
      <Filter>Shaders</Filter>
    </None>
    <None Include="..\Resources\Shaders\phong_multi.vs">
      <Filter>Shaders</Filter>
    </None>
    <None Include="..\Resources\Shaders\phong_specular_map.fs">
      <Filter>Shaders</Filter>
    </None>
    <None Include="..\Resources\Shaders\phong_specular_map.vs">
      <Filter>Shaders</Filter>
    </None>
    <None Include="..\Resources\Shaders\phong_uv.fs">
      <Filter>Shaders</Filter>
    </None>
    <None Include="..\Resources\Shaders\phong_uv.vs">
      <Filter>Shaders</Filter>
    </None>
    <None Include="..\Resources\Shaders\phong_fog.fs">
      <Filter>Shaders</Filter>
    </None>
    <None Include="..\Resources\Shaders\phong_fog.vs">
      <Filter>Shaders</Filter>
    </None>
    <None Include="..\Resources\Shaders\basic_color.fs">
      <Filter>Shaders</Filter>
    </None>
    <None Include="..\Resources\Shaders\basic_color.vs">
      <Filter>Shaders</Filter>
    </None>
    <None Include="..\Resources\Shaders\phong_spotlight.fs">
      <Filter>Shaders</Filter>
    </None>
    <None Include="..\Resources\Shaders\phong_spotlight.vs">
      <Filter>Shaders</Filter>
    </None>
  </ItemGroup>
</Project>